
Microsoft Visual Studio Solution File, Format Version 12.00
# Visual Studio Version 17
VisualStudioVersion = 17.1.32328.378
MinimumVisualStudioVersion = 10.0.40219.1
Project("{FAE04EC0-301F-11D3-BF4B-00C04F79EFBC}") = "Third", "Third\Third.csproj", "{0FD29F7A-7906-417E-9A82-44C59605605A}"
EndProject
Project("{2150E333-8FDC-42A3-9474-1A3956D46DE8}") = "Solution Items", "Solution Items", "{A400CCCD-7E32-4103-9A01-3B8EC44D0883}"
	ProjectSection(SolutionItems) = preProject
		.editorconfig = .editorconfig
	EndProjectSection
EndProject
Global
	GlobalSection(SolutionConfigurationPlatforms) = preSolution
		Debug|Any CPU = Debug|Any CPU
		Release|Any CPU = Release|Any CPU
	EndGlobalSection
	GlobalSection(ProjectConfigurationPlatforms) = postSolution
		{0FD29F7A-7906-417E-9A82-44C59605605A}.Debug|Any CPU.ActiveCfg = Debug|Any CPU
		{0FD29F7A-7906-417E-9A82-44C59605605A}.Debug|Any CPU.Build.0 = Debug|Any CPU
		{0FD29F7A-7906-417E-9A82-44C59605605A}.Release|Any CPU.ActiveCfg = Release|Any CPU
		{0FD29F7A-7906-417E-9A82-44C59605605A}.Release|Any CPU.Build.0 = Release|Any CPU
	EndGlobalSection
	GlobalSection(SolutionProperties) = preSolution
		HideSolutionNode = FALSE
	EndGlobalSection
	GlobalSection(ExtensibilityGlobals) = postSolution
		SolutionGuid = {7B74FE3A-1754-4F74-B040-0D95ADB8DC72}
	EndGlobalSection
EndGlobal
